// !$*UTF8*$!
{
	archiveVersion = 1;
	classes = {
	};
	objectVersion = 51;
	objects = {

/* Begin PBXBuildFile section */
		027215822416B16F00CF8EF1 /* AppDelegate.swift in Sources */ = {isa = PBXBuildFile; fileRef = 027215812416B16F00CF8EF1 /* AppDelegate.swift */; };
		027215842416B16F00CF8EF1 /* SceneDelegate.swift in Sources */ = {isa = PBXBuildFile; fileRef = 027215832416B16F00CF8EF1 /* SceneDelegate.swift */; };
		027215862416B16F00CF8EF1 /* RecordViewController.swift in Sources */ = {isa = PBXBuildFile; fileRef = 027215852416B16F00CF8EF1 /* RecordViewController.swift */; };
		027215892416B16F00CF8EF1 /* Main.storyboard in Resources */ = {isa = PBXBuildFile; fileRef = 027215872416B16F00CF8EF1 /* Main.storyboard */; };
		0272158B2416B17000CF8EF1 /* Assets.xcassets in Resources */ = {isa = PBXBuildFile; fileRef = 0272158A2416B17000CF8EF1 /* Assets.xcassets */; };
		0272158E2416B17000CF8EF1 /* LaunchScreen.storyboard in Resources */ = {isa = PBXBuildFile; fileRef = 0272158C2416B17000CF8EF1 /* LaunchScreen.storyboard */; };
		027215992416B17100CF8EF1 /* TikTokTests.swift in Sources */ = {isa = PBXBuildFile; fileRef = 027215982416B17100CF8EF1 /* TikTokTests.swift */; };
		027215A42416B17100CF8EF1 /* TikTokUITests.swift in Sources */ = {isa = PBXBuildFile; fileRef = 027215A32416B17100CF8EF1 /* TikTokUITests.swift */; };
		02BE8D062417047C00AC8A04 /* MuxApiClient.swift in Sources */ = {isa = PBXBuildFile; fileRef = 02BE8D052417047C00AC8A04 /* MuxApiClient.swift */; };
		02BE8D0F2418CAE500AC8A04 /* FeedViewController.swift in Sources */ = {isa = PBXBuildFile; fileRef = 02BE8D0E2418CAE500AC8A04 /* FeedViewController.swift */; };
		02E184182419F91A00E005CD /* PostNode.swift in Sources */ = {isa = PBXBuildFile; fileRef = 02E184172419F91A00E005CD /* PostNode.swift */; };
		02E1841C2419FC7600E005CD /* GradientNode.m in Sources */ = {isa = PBXBuildFile; fileRef = 02E1841A2419FC7500E005CD /* GradientNode.m */; };
		02E1841E241A32B300E005CD /* SocialControlsView.xib in Resources */ = {isa = PBXBuildFile; fileRef = 02E1841D241A32B300E005CD /* SocialControlsView.xib */; };
		02E18420241A332600E005CD /* PostDetails.xib in Resources */ = {isa = PBXBuildFile; fileRef = 02E1841F241A332600E005CD /* PostDetails.xib */; };
		02E18422241A33FF00E005CD /* SocialControlsView.swift in Sources */ = {isa = PBXBuildFile; fileRef = 02E18421241A33FF00E005CD /* SocialControlsView.swift */; };
		02E18424241A37F500E005CD /* PostDetails.swift in Sources */ = {isa = PBXBuildFile; fileRef = 02E18423241A37F500E005CD /* PostDetails.swift */; };
		202BC51C1BF780F2987C4DBE /* Pods_TikTok.framework in Frameworks */ = {isa = PBXBuildFile; fileRef = FEAF9BC784AE31745DE4955B /* Pods_TikTok.framework */; };
		715063A9AFE4873E520F9071 /* Pods_TikTokTests.framework in Frameworks */ = {isa = PBXBuildFile; fileRef = 0292D80F54F52B64605077F5 /* Pods_TikTokTests.framework */; };
		90ADBDA14F682F845FBC8607 /* Pods_TikTok_TikTokUITests.framework in Frameworks */ = {isa = PBXBuildFile; fileRef = 45CAAE3F33286E4DE6B1E78A /* Pods_TikTok_TikTokUITests.framework */; };
/* End PBXBuildFile section */

/* Begin PBXContainerItemProxy section */
		027215952416B17100CF8EF1 /* PBXContainerItemProxy */ = {
			isa = PBXContainerItemProxy;
			containerPortal = 027215762416B16F00CF8EF1 /* Project object */;
			proxyType = 1;
			remoteGlobalIDString = 0272157D2416B16F00CF8EF1;
			remoteInfo = TikTok;
		};
		027215A02416B17100CF8EF1 /* PBXContainerItemProxy */ = {
			isa = PBXContainerItemProxy;
			containerPortal = 027215762416B16F00CF8EF1 /* Project object */;
			proxyType = 1;
			remoteGlobalIDString = 0272157D2416B16F00CF8EF1;
			remoteInfo = TikTok;
		};
/* End PBXContainerItemProxy section */

/* Begin PBXFileReference section */
		0272157E2416B16F00CF8EF1 /* TikTok.app */ = {isa = PBXFileReference; explicitFileType = wrapper.application; includeInIndex = 0; path = TikTok.app; sourceTree = BUILT_PRODUCTS_DIR; };
		027215812416B16F00CF8EF1 /* AppDelegate.swift */ = {isa = PBXFileReference; lastKnownFileType = sourcecode.swift; path = AppDelegate.swift; sourceTree = "<group>"; };
		027215832416B16F00CF8EF1 /* SceneDelegate.swift */ = {isa = PBXFileReference; lastKnownFileType = sourcecode.swift; path = SceneDelegate.swift; sourceTree = "<group>"; };
		027215852416B16F00CF8EF1 /* RecordViewController.swift */ = {isa = PBXFileReference; lastKnownFileType = sourcecode.swift; path = RecordViewController.swift; sourceTree = "<group>"; };
		027215882416B16F00CF8EF1 /* Base */ = {isa = PBXFileReference; lastKnownFileType = file.storyboard; name = Base; path = Base.lproj/Main.storyboard; sourceTree = "<group>"; };
		0272158A2416B17000CF8EF1 /* Assets.xcassets */ = {isa = PBXFileReference; lastKnownFileType = folder.assetcatalog; path = Assets.xcassets; sourceTree = "<group>"; };
		0272158D2416B17000CF8EF1 /* Base */ = {isa = PBXFileReference; lastKnownFileType = file.storyboard; name = Base; path = Base.lproj/LaunchScreen.storyboard; sourceTree = "<group>"; };
		0272158F2416B17000CF8EF1 /* Info.plist */ = {isa = PBXFileReference; lastKnownFileType = text.plist.xml; path = Info.plist; sourceTree = "<group>"; };
		027215942416B17100CF8EF1 /* TikTokTests.xctest */ = {isa = PBXFileReference; explicitFileType = wrapper.cfbundle; includeInIndex = 0; path = TikTokTests.xctest; sourceTree = BUILT_PRODUCTS_DIR; };
		027215982416B17100CF8EF1 /* TikTokTests.swift */ = {isa = PBXFileReference; lastKnownFileType = sourcecode.swift; path = TikTokTests.swift; sourceTree = "<group>"; };
		0272159A2416B17100CF8EF1 /* Info.plist */ = {isa = PBXFileReference; lastKnownFileType = text.plist.xml; path = Info.plist; sourceTree = "<group>"; };
		0272159F2416B17100CF8EF1 /* TikTokUITests.xctest */ = {isa = PBXFileReference; explicitFileType = wrapper.cfbundle; includeInIndex = 0; path = TikTokUITests.xctest; sourceTree = BUILT_PRODUCTS_DIR; };
		027215A32416B17100CF8EF1 /* TikTokUITests.swift */ = {isa = PBXFileReference; lastKnownFileType = sourcecode.swift; path = TikTokUITests.swift; sourceTree = "<group>"; };
		027215A52416B17100CF8EF1 /* Info.plist */ = {isa = PBXFileReference; lastKnownFileType = text.plist.xml; path = Info.plist; sourceTree = "<group>"; };
		0292D80F54F52B64605077F5 /* Pods_TikTokTests.framework */ = {isa = PBXFileReference; explicitFileType = wrapper.framework; includeInIndex = 0; path = Pods_TikTokTests.framework; sourceTree = BUILT_PRODUCTS_DIR; };
		02BE8D052417047C00AC8A04 /* MuxApiClient.swift */ = {isa = PBXFileReference; lastKnownFileType = sourcecode.swift; path = MuxApiClient.swift; sourceTree = "<group>"; };
		02BE8D0E2418CAE500AC8A04 /* FeedViewController.swift */ = {isa = PBXFileReference; lastKnownFileType = sourcecode.swift; path = FeedViewController.swift; sourceTree = "<group>"; };
		02E184172419F91A00E005CD /* PostNode.swift */ = {isa = PBXFileReference; lastKnownFileType = sourcecode.swift; path = PostNode.swift; sourceTree = "<group>"; };
		02E184192419FC7500E005CD /* TikTok-Bridging-Header.h */ = {isa = PBXFileReference; lastKnownFileType = sourcecode.c.h; path = "TikTok-Bridging-Header.h"; sourceTree = "<group>"; };
		02E1841A2419FC7500E005CD /* GradientNode.m */ = {isa = PBXFileReference; fileEncoding = 4; lastKnownFileType = sourcecode.c.objc; path = GradientNode.m; sourceTree = "<group>"; };
		02E1841B2419FC7600E005CD /* GradientNode.h */ = {isa = PBXFileReference; fileEncoding = 4; lastKnownFileType = sourcecode.c.h; path = GradientNode.h; sourceTree = "<group>"; };
		02E1841D241A32B300E005CD /* SocialControlsView.xib */ = {isa = PBXFileReference; lastKnownFileType = file.xib; path = SocialControlsView.xib; sourceTree = "<group>"; };
		02E1841F241A332600E005CD /* PostDetails.xib */ = {isa = PBXFileReference; lastKnownFileType = file.xib; path = PostDetails.xib; sourceTree = "<group>"; };
		02E18421241A33FF00E005CD /* SocialControlsView.swift */ = {isa = PBXFileReference; lastKnownFileType = sourcecode.swift; path = SocialControlsView.swift; sourceTree = "<group>"; };
		02E18423241A37F500E005CD /* PostDetails.swift */ = {isa = PBXFileReference; lastKnownFileType = sourcecode.swift; path = PostDetails.swift; sourceTree = "<group>"; };
		3D5158F0F664733A39556510 /* Pods-TikTokTests.debug.xcconfig */ = {isa = PBXFileReference; includeInIndex = 1; lastKnownFileType = text.xcconfig; name = "Pods-TikTokTests.debug.xcconfig"; path = "Target Support Files/Pods-TikTokTests/Pods-TikTokTests.debug.xcconfig"; sourceTree = "<group>"; };
		45CAAE3F33286E4DE6B1E78A /* Pods_TikTok_TikTokUITests.framework */ = {isa = PBXFileReference; explicitFileType = wrapper.framework; includeInIndex = 0; path = Pods_TikTok_TikTokUITests.framework; sourceTree = BUILT_PRODUCTS_DIR; };
		47045D48F60CF9667C1B51A1 /* Pods-TikTok-TikTokUITests.release.xcconfig */ = {isa = PBXFileReference; includeInIndex = 1; lastKnownFileType = text.xcconfig; name = "Pods-TikTok-TikTokUITests.release.xcconfig"; path = "Target Support Files/Pods-TikTok-TikTokUITests/Pods-TikTok-TikTokUITests.release.xcconfig"; sourceTree = "<group>"; };
		5E7986754C1D4B47DA234F63 /* Pods-TikTokTests.release.xcconfig */ = {isa = PBXFileReference; includeInIndex = 1; lastKnownFileType = text.xcconfig; name = "Pods-TikTokTests.release.xcconfig"; path = "Target Support Files/Pods-TikTokTests/Pods-TikTokTests.release.xcconfig"; sourceTree = "<group>"; };
		8D5A40760542A5C5F1C91087 /* Pods-TikTok.debug.xcconfig */ = {isa = PBXFileReference; includeInIndex = 1; lastKnownFileType = text.xcconfig; name = "Pods-TikTok.debug.xcconfig"; path = "Target Support Files/Pods-TikTok/Pods-TikTok.debug.xcconfig"; sourceTree = "<group>"; };
		D4E770F3B65BAEF041A01955 /* Pods-TikTok-TikTokUITests.debug.xcconfig */ = {isa = PBXFileReference; includeInIndex = 1; lastKnownFileType = text.xcconfig; name = "Pods-TikTok-TikTokUITests.debug.xcconfig"; path = "Target Support Files/Pods-TikTok-TikTokUITests/Pods-TikTok-TikTokUITests.debug.xcconfig"; sourceTree = "<group>"; };
		EB16A791B92FFF29CA5F7C93 /* Pods-TikTok.release.xcconfig */ = {isa = PBXFileReference; includeInIndex = 1; lastKnownFileType = text.xcconfig; name = "Pods-TikTok.release.xcconfig"; path = "Target Support Files/Pods-TikTok/Pods-TikTok.release.xcconfig"; sourceTree = "<group>"; };
		FEAF9BC784AE31745DE4955B /* Pods_TikTok.framework */ = {isa = PBXFileReference; explicitFileType = wrapper.framework; includeInIndex = 0; path = Pods_TikTok.framework; sourceTree = BUILT_PRODUCTS_DIR; };
/* End PBXFileReference section */

/* Begin PBXFrameworksBuildPhase section */
		0272157B2416B16F00CF8EF1 /* Frameworks */ = {
			isa = PBXFrameworksBuildPhase;
			buildActionMask = 2147483647;
			files = (
				202BC51C1BF780F2987C4DBE /* Pods_TikTok.framework in Frameworks */,
			);
			runOnlyForDeploymentPostprocessing = 0;
		};
		027215912416B17100CF8EF1 /* Frameworks */ = {
			isa = PBXFrameworksBuildPhase;
			buildActionMask = 2147483647;
			files = (
				715063A9AFE4873E520F9071 /* Pods_TikTokTests.framework in Frameworks */,
			);
			runOnlyForDeploymentPostprocessing = 0;
		};
		0272159C2416B17100CF8EF1 /* Frameworks */ = {
			isa = PBXFrameworksBuildPhase;
			buildActionMask = 2147483647;
			files = (
				90ADBDA14F682F845FBC8607 /* Pods_TikTok_TikTokUITests.framework in Frameworks */,
			);
			runOnlyForDeploymentPostprocessing = 0;
		};
/* End PBXFrameworksBuildPhase section */

/* Begin PBXGroup section */
		027215752416B16F00CF8EF1 = {
			isa = PBXGroup;
			children = (
				027215802416B16F00CF8EF1 /* TikTok */,
				027215972416B17100CF8EF1 /* TikTokTests */,
				027215A22416B17100CF8EF1 /* TikTokUITests */,
				0272157F2416B16F00CF8EF1 /* Products */,
				25C84A052684D4C21E60A81C /* Pods */,
				537E1EB3B538EFCA2786882E /* Frameworks */,
			);
			sourceTree = "<group>";
		};
		0272157F2416B16F00CF8EF1 /* Products */ = {
			isa = PBXGroup;
			children = (
				0272157E2416B16F00CF8EF1 /* TikTok.app */,
				027215942416B17100CF8EF1 /* TikTokTests.xctest */,
				0272159F2416B17100CF8EF1 /* TikTokUITests.xctest */,
			);
			name = Products;
			sourceTree = "<group>";
		};
		027215802416B16F00CF8EF1 /* TikTok */ = {
			isa = PBXGroup;
			children = (
				02E18425241AF30F00E005CD /* Record */,
				02BE8D092418BE1C00AC8A04 /* Feed */,
				027215812416B16F00CF8EF1 /* AppDelegate.swift */,
				027215832416B16F00CF8EF1 /* SceneDelegate.swift */,
				027215872416B16F00CF8EF1 /* Main.storyboard */,
				0272158A2416B17000CF8EF1 /* Assets.xcassets */,
				0272158C2416B17000CF8EF1 /* LaunchScreen.storyboard */,
				0272158F2416B17000CF8EF1 /* Info.plist */,
				02BE8D052417047C00AC8A04 /* MuxApiClient.swift */,
				02E184192419FC7500E005CD /* TikTok-Bridging-Header.h */,
			);
			path = TikTok;
			sourceTree = "<group>";
		};
		027215972416B17100CF8EF1 /* TikTokTests */ = {
			isa = PBXGroup;
			children = (
				027215982416B17100CF8EF1 /* TikTokTests.swift */,
				0272159A2416B17100CF8EF1 /* Info.plist */,
			);
			path = TikTokTests;
			sourceTree = "<group>";
		};
		027215A22416B17100CF8EF1 /* TikTokUITests */ = {
			isa = PBXGroup;
			children = (
				027215A32416B17100CF8EF1 /* TikTokUITests.swift */,
				027215A52416B17100CF8EF1 /* Info.plist */,
			);
			path = TikTokUITests;
			sourceTree = "<group>";
		};
		02BE8D092418BE1C00AC8A04 /* Feed */ = {
			isa = PBXGroup;
			children = (
				02E1841B2419FC7600E005CD /* GradientNode.h */,
				02E1841A2419FC7500E005CD /* GradientNode.m */,
				02E1841D241A32B300E005CD /* SocialControlsView.xib */,
				02E1841F241A332600E005CD /* PostDetails.xib */,
				02BE8D0E2418CAE500AC8A04 /* FeedViewController.swift */,
				02E184172419F91A00E005CD /* PostNode.swift */,
				02E18421241A33FF00E005CD /* SocialControlsView.swift */,
				02E18423241A37F500E005CD /* PostDetails.swift */,
			);
			path = Feed;
			sourceTree = "<group>";
		};
		02E18425241AF30F00E005CD /* Record */ = {
			isa = PBXGroup;
			children = (
				027215852416B16F00CF8EF1 /* RecordViewController.swift */,
			);
			path = Record;
			sourceTree = "<group>";
		};
		25C84A052684D4C21E60A81C /* Pods */ = {
			isa = PBXGroup;
			children = (
				8D5A40760542A5C5F1C91087 /* Pods-TikTok.debug.xcconfig */,
				EB16A791B92FFF29CA5F7C93 /* Pods-TikTok.release.xcconfig */,
				D4E770F3B65BAEF041A01955 /* Pods-TikTok-TikTokUITests.debug.xcconfig */,
				47045D48F60CF9667C1B51A1 /* Pods-TikTok-TikTokUITests.release.xcconfig */,
				3D5158F0F664733A39556510 /* Pods-TikTokTests.debug.xcconfig */,
				5E7986754C1D4B47DA234F63 /* Pods-TikTokTests.release.xcconfig */,
			);
			path = Pods;
			sourceTree = "<group>";
		};
		537E1EB3B538EFCA2786882E /* Frameworks */ = {
			isa = PBXGroup;
			children = (
				FEAF9BC784AE31745DE4955B /* Pods_TikTok.framework */,
				45CAAE3F33286E4DE6B1E78A /* Pods_TikTok_TikTokUITests.framework */,
				0292D80F54F52B64605077F5 /* Pods_TikTokTests.framework */,
			);
			name = Frameworks;
			sourceTree = "<group>";
		};
/* End PBXGroup section */

/* Begin PBXNativeTarget section */
		0272157D2416B16F00CF8EF1 /* TikTok */ = {
			isa = PBXNativeTarget;
			buildConfigurationList = 027215A82416B17100CF8EF1 /* Build configuration list for PBXNativeTarget "TikTok" */;
			buildPhases = (
				FE97116E692CE7B207F76E94 /* [CP] Check Pods Manifest.lock */,
				0272157A2416B16F00CF8EF1 /* Sources */,
				0272157B2416B16F00CF8EF1 /* Frameworks */,
				0272157C2416B16F00CF8EF1 /* Resources */,
				49EF255154BD93E753D2914C /* [CP] Embed Pods Frameworks */,
			);
			buildRules = (
			);
			dependencies = (
			);
			name = TikTok;
			productName = TikTok;
			productReference = 0272157E2416B16F00CF8EF1 /* TikTok.app */;
			productType = "com.apple.product-type.application";
		};
		027215932416B17100CF8EF1 /* TikTokTests */ = {
			isa = PBXNativeTarget;
			buildConfigurationList = 027215AB2416B17100CF8EF1 /* Build configuration list for PBXNativeTarget "TikTokTests" */;
			buildPhases = (
				0A835886BA47EAB9FAE58BA7 /* [CP] Check Pods Manifest.lock */,
				027215902416B17100CF8EF1 /* Sources */,
				027215912416B17100CF8EF1 /* Frameworks */,
				027215922416B17100CF8EF1 /* Resources */,
			);
			buildRules = (
			);
			dependencies = (
				027215962416B17100CF8EF1 /* PBXTargetDependency */,
			);
			name = TikTokTests;
			productName = TikTokTests;
			productReference = 027215942416B17100CF8EF1 /* TikTokTests.xctest */;
			productType = "com.apple.product-type.bundle.unit-test";
		};
		0272159E2416B17100CF8EF1 /* TikTokUITests */ = {
			isa = PBXNativeTarget;
			buildConfigurationList = 027215AE2416B17100CF8EF1 /* Build configuration list for PBXNativeTarget "TikTokUITests" */;
			buildPhases = (
				205B458CABB47DA50A77789D /* [CP] Check Pods Manifest.lock */,
				0272159B2416B17100CF8EF1 /* Sources */,
				0272159C2416B17100CF8EF1 /* Frameworks */,
				0272159D2416B17100CF8EF1 /* Resources */,
				C96B23DAC2E9D9A08C98375C /* [CP] Embed Pods Frameworks */,
			);
			buildRules = (
			);
			dependencies = (
				027215A12416B17100CF8EF1 /* PBXTargetDependency */,
			);
			name = TikTokUITests;
			productName = TikTokUITests;
			productReference = 0272159F2416B17100CF8EF1 /* TikTokUITests.xctest */;
			productType = "com.apple.product-type.bundle.ui-testing";
		};
/* End PBXNativeTarget section */

/* Begin PBXProject section */
		027215762416B16F00CF8EF1 /* Project object */ = {
			isa = PBXProject;
			attributes = {
				LastSwiftUpdateCheck = 1130;
				LastUpgradeCheck = 1130;
				ORGANIZATIONNAME = "Nidhi Kulkarni";
				TargetAttributes = {
					0272157D2416B16F00CF8EF1 = {
						CreatedOnToolsVersion = 11.3.1;
						LastSwiftMigration = 1130;
					};
					027215932416B17100CF8EF1 = {
						CreatedOnToolsVersion = 11.3.1;
						TestTargetID = 0272157D2416B16F00CF8EF1;
					};
					0272159E2416B17100CF8EF1 = {
						CreatedOnToolsVersion = 11.3.1;
						TestTargetID = 0272157D2416B16F00CF8EF1;
					};
				};
			};
			buildConfigurationList = 027215792416B16F00CF8EF1 /* Build configuration list for PBXProject "TikTok" */;
			compatibilityVersion = "Xcode 9.3";
			developmentRegion = en;
			hasScannedForEncodings = 0;
			knownRegions = (
				en,
				Base,
			);
			mainGroup = 027215752416B16F00CF8EF1;
			productRefGroup = 0272157F2416B16F00CF8EF1 /* Products */;
			projectDirPath = "";
			projectRoot = "";
			targets = (
				0272157D2416B16F00CF8EF1 /* TikTok */,
				027215932416B17100CF8EF1 /* TikTokTests */,
				0272159E2416B17100CF8EF1 /* TikTokUITests */,
			);
		};
/* End PBXProject section */

/* Begin PBXResourcesBuildPhase section */
		0272157C2416B16F00CF8EF1 /* Resources */ = {
			isa = PBXResourcesBuildPhase;
			buildActionMask = 2147483647;
			files = (
				02E18420241A332600E005CD /* PostDetails.xib in Resources */,
				0272158E2416B17000CF8EF1 /* LaunchScreen.storyboard in Resources */,
				02E1841E241A32B300E005CD /* SocialControlsView.xib in Resources */,
				0272158B2416B17000CF8EF1 /* Assets.xcassets in Resources */,
				027215892416B16F00CF8EF1 /* Main.storyboard in Resources */,
			);
			runOnlyForDeploymentPostprocessing = 0;
		};
		027215922416B17100CF8EF1 /* Resources */ = {
			isa = PBXResourcesBuildPhase;
			buildActionMask = 2147483647;
			files = (
			);
			runOnlyForDeploymentPostprocessing = 0;
		};
		0272159D2416B17100CF8EF1 /* Resources */ = {
			isa = PBXResourcesBuildPhase;
			buildActionMask = 2147483647;
			files = (
			);
			runOnlyForDeploymentPostprocessing = 0;
		};
/* End PBXResourcesBuildPhase section */

/* Begin PBXShellScriptBuildPhase section */
		0A835886BA47EAB9FAE58BA7 /* [CP] Check Pods Manifest.lock */ = {
			isa = PBXShellScriptBuildPhase;
			buildActionMask = 2147483647;
			files = (
			);
			inputFileListPaths = (
			);
			inputPaths = (
				"${PODS_PODFILE_DIR_PATH}/Podfile.lock",
				"${PODS_ROOT}/Manifest.lock",
			);
			name = "[CP] Check Pods Manifest.lock";
			outputFileListPaths = (
			);
			outputPaths = (
				"$(DERIVED_FILE_DIR)/Pods-TikTokTests-checkManifestLockResult.txt",
			);
			runOnlyForDeploymentPostprocessing = 0;
			shellPath = /bin/sh;
			shellScript = "diff \"${PODS_PODFILE_DIR_PATH}/Podfile.lock\" \"${PODS_ROOT}/Manifest.lock\" > /dev/null\nif [ $? != 0 ] ; then\n    # print error to STDERR\n    echo \"error: The sandbox is not in sync with the Podfile.lock. Run 'pod install' or update your CocoaPods installation.\" >&2\n    exit 1\nfi\n# This output is used by Xcode 'outputs' to avoid re-running this script phase.\necho \"SUCCESS\" > \"${SCRIPT_OUTPUT_FILE_0}\"\n";
			showEnvVarsInLog = 0;
		};
		205B458CABB47DA50A77789D /* [CP] Check Pods Manifest.lock */ = {
			isa = PBXShellScriptBuildPhase;
			buildActionMask = 2147483647;
			files = (
			);
			inputFileListPaths = (
			);
			inputPaths = (
				"${PODS_PODFILE_DIR_PATH}/Podfile.lock",
				"${PODS_ROOT}/Manifest.lock",
			);
			name = "[CP] Check Pods Manifest.lock";
			outputFileListPaths = (
			);
			outputPaths = (
				"$(DERIVED_FILE_DIR)/Pods-TikTok-TikTokUITests-checkManifestLockResult.txt",
			);
			runOnlyForDeploymentPostprocessing = 0;
			shellPath = /bin/sh;
			shellScript = "diff \"${PODS_PODFILE_DIR_PATH}/Podfile.lock\" \"${PODS_ROOT}/Manifest.lock\" > /dev/null\nif [ $? != 0 ] ; then\n    # print error to STDERR\n    echo \"error: The sandbox is not in sync with the Podfile.lock. Run 'pod install' or update your CocoaPods installation.\" >&2\n    exit 1\nfi\n# This output is used by Xcode 'outputs' to avoid re-running this script phase.\necho \"SUCCESS\" > \"${SCRIPT_OUTPUT_FILE_0}\"\n";
			showEnvVarsInLog = 0;
		};
		49EF255154BD93E753D2914C /* [CP] Embed Pods Frameworks */ = {
			isa = PBXShellScriptBuildPhase;
			buildActionMask = 2147483647;
			files = (
			);
			inputFileListPaths = (
				"${PODS_ROOT}/Target Support Files/Pods-TikTok/Pods-TikTok-frameworks-${CONFIGURATION}-input-files.xcfilelist",
			);
			name = "[CP] Embed Pods Frameworks";
			outputFileListPaths = (
				"${PODS_ROOT}/Target Support Files/Pods-TikTok/Pods-TikTok-frameworks-${CONFIGURATION}-output-files.xcfilelist",
			);
			runOnlyForDeploymentPostprocessing = 0;
			shellPath = /bin/sh;
			shellScript = "\"${PODS_ROOT}/Target Support Files/Pods-TikTok/Pods-TikTok-frameworks.sh\"\n";
			showEnvVarsInLog = 0;
		};
		C96B23DAC2E9D9A08C98375C /* [CP] Embed Pods Frameworks */ = {
			isa = PBXShellScriptBuildPhase;
			buildActionMask = 2147483647;
			files = (
			);
			inputFileListPaths = (
				"${PODS_ROOT}/Target Support Files/Pods-TikTok-TikTokUITests/Pods-TikTok-TikTokUITests-frameworks-${CONFIGURATION}-input-files.xcfilelist",
			);
			name = "[CP] Embed Pods Frameworks";
			outputFileListPaths = (
				"${PODS_ROOT}/Target Support Files/Pods-TikTok-TikTokUITests/Pods-TikTok-TikTokUITests-frameworks-${CONFIGURATION}-output-files.xcfilelist",
			);
			runOnlyForDeploymentPostprocessing = 0;
			shellPath = /bin/sh;
			shellScript = "\"${PODS_ROOT}/Target Support Files/Pods-TikTok-TikTokUITests/Pods-TikTok-TikTokUITests-frameworks.sh\"\n";
			showEnvVarsInLog = 0;
		};
		FE97116E692CE7B207F76E94 /* [CP] Check Pods Manifest.lock */ = {
			isa = PBXShellScriptBuildPhase;
			buildActionMask = 2147483647;
			files = (
			);
			inputFileListPaths = (
			);
			inputPaths = (
				"${PODS_PODFILE_DIR_PATH}/Podfile.lock",
				"${PODS_ROOT}/Manifest.lock",
			);
			name = "[CP] Check Pods Manifest.lock";
			outputFileListPaths = (
			);
			outputPaths = (
				"$(DERIVED_FILE_DIR)/Pods-TikTok-checkManifestLockResult.txt",
			);
			runOnlyForDeploymentPostprocessing = 0;
			shellPath = /bin/sh;
			shellScript = "diff \"${PODS_PODFILE_DIR_PATH}/Podfile.lock\" \"${PODS_ROOT}/Manifest.lock\" > /dev/null\nif [ $? != 0 ] ; then\n    # print error to STDERR\n    echo \"error: The sandbox is not in sync with the Podfile.lock. Run 'pod install' or update your CocoaPods installation.\" >&2\n    exit 1\nfi\n# This output is used by Xcode 'outputs' to avoid re-running this script phase.\necho \"SUCCESS\" > \"${SCRIPT_OUTPUT_FILE_0}\"\n";
			showEnvVarsInLog = 0;
		};
/* End PBXShellScriptBuildPhase section */

/* Begin PBXSourcesBuildPhase section */
		0272157A2416B16F00CF8EF1 /* Sources */ = {
			isa = PBXSourcesBuildPhase;
			buildActionMask = 2147483647;
			files = (
				02E18424241A37F500E005CD /* PostDetails.swift in Sources */,
				02E184182419F91A00E005CD /* PostNode.swift in Sources */,
				02BE8D062417047C00AC8A04 /* MuxApiClient.swift in Sources */,
				027215862416B16F00CF8EF1 /* RecordViewController.swift in Sources */,
				02E1841C2419FC7600E005CD /* GradientNode.m in Sources */,
				027215822416B16F00CF8EF1 /* AppDelegate.swift in Sources */,
				02E18422241A33FF00E005CD /* SocialControlsView.swift in Sources */,
				02BE8D0F2418CAE500AC8A04 /* FeedViewController.swift in Sources */,
				027215842416B16F00CF8EF1 /* SceneDelegate.swift in Sources */,
			);
			runOnlyForDeploymentPostprocessing = 0;
		};
		027215902416B17100CF8EF1 /* Sources */ = {
			isa = PBXSourcesBuildPhase;
			buildActionMask = 2147483647;
			files = (
				027215992416B17100CF8EF1 /* TikTokTests.swift in Sources */,
			);
			runOnlyForDeploymentPostprocessing = 0;
		};
		0272159B2416B17100CF8EF1 /* Sources */ = {
			isa = PBXSourcesBuildPhase;
			buildActionMask = 2147483647;
			files = (
				027215A42416B17100CF8EF1 /* TikTokUITests.swift in Sources */,
			);
			runOnlyForDeploymentPostprocessing = 0;
		};
/* End PBXSourcesBuildPhase section */

/* Begin PBXTargetDependency section */
		027215962416B17100CF8EF1 /* PBXTargetDependency */ = {
			isa = PBXTargetDependency;
			target = 0272157D2416B16F00CF8EF1 /* TikTok */;
			targetProxy = 027215952416B17100CF8EF1 /* PBXContainerItemProxy */;
		};
		027215A12416B17100CF8EF1 /* PBXTargetDependency */ = {
			isa = PBXTargetDependency;
			target = 0272157D2416B16F00CF8EF1 /* TikTok */;
			targetProxy = 027215A02416B17100CF8EF1 /* PBXContainerItemProxy */;
		};
/* End PBXTargetDependency section */

/* Begin PBXVariantGroup section */
		027215872416B16F00CF8EF1 /* Main.storyboard */ = {
			isa = PBXVariantGroup;
			children = (
				027215882416B16F00CF8EF1 /* Base */,
			);
			name = Main.storyboard;
			sourceTree = "<group>";
		};
		0272158C2416B17000CF8EF1 /* LaunchScreen.storyboard */ = {
			isa = PBXVariantGroup;
			children = (
				0272158D2416B17000CF8EF1 /* Base */,
			);
			name = LaunchScreen.storyboard;
			sourceTree = "<group>";
		};
/* End PBXVariantGroup section */

/* Begin XCBuildConfiguration section */
		027215A62416B17100CF8EF1 /* Debug */ = {
			isa = XCBuildConfiguration;
			buildSettings = {
				ALWAYS_SEARCH_USER_PATHS = NO;
				CLANG_ANALYZER_NONNULL = YES;
				CLANG_ANALYZER_NUMBER_OBJECT_CONVERSION = YES_AGGRESSIVE;
				CLANG_CXX_LANGUAGE_STANDARD = "gnu++14";
				CLANG_CXX_LIBRARY = "libc++";
				CLANG_ENABLE_MODULES = YES;
				CLANG_ENABLE_OBJC_ARC = YES;
				CLANG_ENABLE_OBJC_WEAK = YES;
				CLANG_WARN_BLOCK_CAPTURE_AUTORELEASING = YES;
				CLANG_WARN_BOOL_CONVERSION = YES;
				CLANG_WARN_COMMA = YES;
				CLANG_WARN_CONSTANT_CONVERSION = YES;
				CLANG_WARN_DEPRECATED_OBJC_IMPLEMENTATIONS = YES;
				CLANG_WARN_DIRECT_OBJC_ISA_USAGE = YES_ERROR;
				CLANG_WARN_DOCUMENTATION_COMMENTS = YES;
				CLANG_WARN_EMPTY_BODY = YES;
				CLANG_WARN_ENUM_CONVERSION = YES;
				CLANG_WARN_INFINITE_RECURSION = YES;
				CLANG_WARN_INT_CONVERSION = YES;
				CLANG_WARN_NON_LITERAL_NULL_CONVERSION = YES;
				CLANG_WARN_OBJC_IMPLICIT_RETAIN_SELF = YES;
				CLANG_WARN_OBJC_LITERAL_CONVERSION = YES;
				CLANG_WARN_OBJC_ROOT_CLASS = YES_ERROR;
				CLANG_WARN_RANGE_LOOP_ANALYSIS = YES;
				CLANG_WARN_STRICT_PROTOTYPES = YES;
				CLANG_WARN_SUSPICIOUS_MOVE = YES;
				CLANG_WARN_UNGUARDED_AVAILABILITY = YES_AGGRESSIVE;
				CLANG_WARN_UNREACHABLE_CODE = YES;
				CLANG_WARN__DUPLICATE_METHOD_MATCH = YES;
				COPY_PHASE_STRIP = NO;
				DEBUG_INFORMATION_FORMAT = dwarf;
				ENABLE_STRICT_OBJC_MSGSEND = YES;
				ENABLE_TESTABILITY = YES;
				GCC_C_LANGUAGE_STANDARD = gnu11;
				GCC_DYNAMIC_NO_PIC = NO;
				GCC_NO_COMMON_BLOCKS = YES;
				GCC_OPTIMIZATION_LEVEL = 0;
				GCC_PREPROCESSOR_DEFINITIONS = (
					"DEBUG=1",
					"$(inherited)",
				);
				GCC_WARN_64_TO_32_BIT_CONVERSION = YES;
				GCC_WARN_ABOUT_RETURN_TYPE = YES_ERROR;
				GCC_WARN_UNDECLARED_SELECTOR = YES;
				GCC_WARN_UNINITIALIZED_AUTOS = YES_AGGRESSIVE;
				GCC_WARN_UNUSED_FUNCTION = YES;
				GCC_WARN_UNUSED_VARIABLE = YES;
				IPHONEOS_DEPLOYMENT_TARGET = 13.2;
				MTL_ENABLE_DEBUG_INFO = INCLUDE_SOURCE;
				MTL_FAST_MATH = YES;
				ONLY_ACTIVE_ARCH = YES;
				SDKROOT = iphoneos;
				SWIFT_ACTIVE_COMPILATION_CONDITIONS = DEBUG;
				SWIFT_OPTIMIZATION_LEVEL = "-Onone";
			};
			name = Debug;
		};
		027215A72416B17100CF8EF1 /* Release */ = {
			isa = XCBuildConfiguration;
			buildSettings = {
				ALWAYS_SEARCH_USER_PATHS = NO;
				CLANG_ANALYZER_NONNULL = YES;
				CLANG_ANALYZER_NUMBER_OBJECT_CONVERSION = YES_AGGRESSIVE;
				CLANG_CXX_LANGUAGE_STANDARD = "gnu++14";
				CLANG_CXX_LIBRARY = "libc++";
				CLANG_ENABLE_MODULES = YES;
				CLANG_ENABLE_OBJC_ARC = YES;
				CLANG_ENABLE_OBJC_WEAK = YES;
				CLANG_WARN_BLOCK_CAPTURE_AUTORELEASING = YES;
				CLANG_WARN_BOOL_CONVERSION = YES;
				CLANG_WARN_COMMA = YES;
				CLANG_WARN_CONSTANT_CONVERSION = YES;
				CLANG_WARN_DEPRECATED_OBJC_IMPLEMENTATIONS = YES;
				CLANG_WARN_DIRECT_OBJC_ISA_USAGE = YES_ERROR;
				CLANG_WARN_DOCUMENTATION_COMMENTS = YES;
				CLANG_WARN_EMPTY_BODY = YES;
				CLANG_WARN_ENUM_CONVERSION = YES;
				CLANG_WARN_INFINITE_RECURSION = YES;
				CLANG_WARN_INT_CONVERSION = YES;
				CLANG_WARN_NON_LITERAL_NULL_CONVERSION = YES;
				CLANG_WARN_OBJC_IMPLICIT_RETAIN_SELF = YES;
				CLANG_WARN_OBJC_LITERAL_CONVERSION = YES;
				CLANG_WARN_OBJC_ROOT_CLASS = YES_ERROR;
				CLANG_WARN_RANGE_LOOP_ANALYSIS = YES;
				CLANG_WARN_STRICT_PROTOTYPES = YES;
				CLANG_WARN_SUSPICIOUS_MOVE = YES;
				CLANG_WARN_UNGUARDED_AVAILABILITY = YES_AGGRESSIVE;
				CLANG_WARN_UNREACHABLE_CODE = YES;
				CLANG_WARN__DUPLICATE_METHOD_MATCH = YES;
				COPY_PHASE_STRIP = NO;
				DEBUG_INFORMATION_FORMAT = "dwarf-with-dsym";
				ENABLE_NS_ASSERTIONS = NO;
				ENABLE_STRICT_OBJC_MSGSEND = YES;
				GCC_C_LANGUAGE_STANDARD = gnu11;
				GCC_NO_COMMON_BLOCKS = YES;
				GCC_WARN_64_TO_32_BIT_CONVERSION = YES;
				GCC_WARN_ABOUT_RETURN_TYPE = YES_ERROR;
				GCC_WARN_UNDECLARED_SELECTOR = YES;
				GCC_WARN_UNINITIALIZED_AUTOS = YES_AGGRESSIVE;
				GCC_WARN_UNUSED_FUNCTION = YES;
				GCC_WARN_UNUSED_VARIABLE = YES;
				IPHONEOS_DEPLOYMENT_TARGET = 13.2;
				MTL_ENABLE_DEBUG_INFO = NO;
				MTL_FAST_MATH = YES;
				SDKROOT = iphoneos;
				SWIFT_COMPILATION_MODE = wholemodule;
				SWIFT_OPTIMIZATION_LEVEL = "-O";
				VALIDATE_PRODUCT = YES;
			};
			name = Release;
		};
		027215A92416B17100CF8EF1 /* Debug */ = {
			isa = XCBuildConfiguration;
			baseConfigurationReference = 8D5A40760542A5C5F1C91087 /* Pods-TikTok.debug.xcconfig */;
			buildSettings = {
				ASSETCATALOG_COMPILER_APPICON_NAME = AppIcon;
				CLANG_ENABLE_MODULES = YES;
				CODE_SIGN_STYLE = Automatic;
				DEVELOPMENT_TEAM = GFDDVAVUVC;
				INFOPLIST_FILE = TikTok/Info.plist;
				IPHONEOS_DEPLOYMENT_TARGET = 12.0;
				LD_RUNPATH_SEARCH_PATHS = (
					"$(inherited)",
					"@executable_path/Frameworks",
				);
				PRODUCT_BUNDLE_IDENTIFIER = com.nidhikulkarni.TikTok;
				PRODUCT_NAME = "$(TARGET_NAME)";
				SWIFT_OBJC_BRIDGING_HEADER = "TikTok/TikTok-Bridging-Header.h";
				SWIFT_OPTIMIZATION_LEVEL = "-Onone";
				SWIFT_VERSION = 5.0;
				TARGETED_DEVICE_FAMILY = "1,2";
			};
			name = Debug;
		};
		027215AA2416B17100CF8EF1 /* Release */ = {
			isa = XCBuildConfiguration;
			baseConfigurationReference = EB16A791B92FFF29CA5F7C93 /* Pods-TikTok.release.xcconfig */;
			buildSettings = {
				ASSETCATALOG_COMPILER_APPICON_NAME = AppIcon;
				CLANG_ENABLE_MODULES = YES;
				CODE_SIGN_STYLE = Automatic;
				DEVELOPMENT_TEAM = GFDDVAVUVC;
				INFOPLIST_FILE = TikTok/Info.plist;
				IPHONEOS_DEPLOYMENT_TARGET = 12.0;
				LD_RUNPATH_SEARCH_PATHS = (
					"$(inherited)",
					"@executable_path/Frameworks",
				);
				PRODUCT_BUNDLE_IDENTIFIER = com.nidhikulkarni.TikTok;
				PRODUCT_NAME = "$(TARGET_NAME)";
				SWIFT_OBJC_BRIDGING_HEADER = "TikTok/TikTok-Bridging-Header.h";
				SWIFT_VERSION = 5.0;
				TARGETED_DEVICE_FAMILY = "1,2";
			};
			name = Release;
		};
		027215AC2416B17100CF8EF1 /* Debug */ = {
			isa = XCBuildConfiguration;
			baseConfigurationReference = 3D5158F0F664733A39556510 /* Pods-TikTokTests.debug.xcconfig */;
			buildSettings = {
				ALWAYS_EMBED_SWIFT_STANDARD_LIBRARIES = YES;
				BUNDLE_LOADER = "$(TEST_HOST)";
				CODE_SIGN_STYLE = Automatic;
				DEVELOPMENT_TEAM = GFDDVAVUVC;
				INFOPLIST_FILE = TikTokTests/Info.plist;
				IPHONEOS_DEPLOYMENT_TARGET = 13.2;
				LD_RUNPATH_SEARCH_PATHS = (
					"$(inherited)",
					"@executable_path/Frameworks",
					"@loader_path/Frameworks",
				);
				PRODUCT_BUNDLE_IDENTIFIER = com.nidhikulkarni.TikTokTests;
				PRODUCT_NAME = "$(TARGET_NAME)";
				SWIFT_VERSION = 5.0;
				TARGETED_DEVICE_FAMILY = "1,2";
				TEST_HOST = "$(BUILT_PRODUCTS_DIR)/TikTok.app/TikTok";
			};
			name = Debug;
		};
		027215AD2416B17100CF8EF1 /* Release */ = {
			isa = XCBuildConfiguration;
			baseConfigurationReference = 5E7986754C1D4B47DA234F63 /* Pods-TikTokTests.release.xcconfig */;
			buildSettings = {
				ALWAYS_EMBED_SWIFT_STANDARD_LIBRARIES = YES;
				BUNDLE_LOADER = "$(TEST_HOST)";
				CODE_SIGN_STYLE = Automatic;
				DEVELOPMENT_TEAM = GFDDVAVUVC;
				INFOPLIST_FILE = TikTokTests/Info.plist;
				IPHONEOS_DEPLOYMENT_TARGET = 13.2;
				LD_RUNPATH_SEARCH_PATHS = (
					"$(inherited)",
					"@executable_path/Frameworks",
					"@loader_path/Frameworks",
				);
				PRODUCT_BUNDLE_IDENTIFIER = com.nidhikulkarni.TikTokTests;
				PRODUCT_NAME = "$(TARGET_NAME)";
				SWIFT_VERSION = 5.0;
				TARGETED_DEVICE_FAMILY = "1,2";
				TEST_HOST = "$(BUILT_PRODUCTS_DIR)/TikTok.app/TikTok";
			};
			name = Release;
		};
		027215AF2416B17100CF8EF1 /* Debug */ = {
			isa = XCBuildConfiguration;
			baseConfigurationReference = D4E770F3B65BAEF041A01955 /* Pods-TikTok-TikTokUITests.debug.xcconfig */;
			buildSettings = {
				ALWAYS_EMBED_SWIFT_STANDARD_LIBRARIES = YES;
				CODE_SIGN_STYLE = Automatic;
				DEVELOPMENT_TEAM = GFDDVAVUVC;
				INFOPLIST_FILE = TikTokUITests/Info.plist;
				LD_RUNPATH_SEARCH_PATHS = (
					"$(inherited)",
					"@executable_path/Frameworks",
					"@loader_path/Frameworks",
				);
				PRODUCT_BUNDLE_IDENTIFIER = com.nidhikulkarni.TikTokUITests;
				PRODUCT_NAME = "$(TARGET_NAME)";
				SWIFT_VERSION = 5.0;
				TARGETED_DEVICE_FAMILY = "1,2";
				TEST_TARGET_NAME = TikTok;
			};
			name = Debug;
		};
		027215B02416B17100CF8EF1 /* Release */ = {
			isa = XCBuildConfiguration;
			baseConfigurationReference = 47045D48F60CF9667C1B51A1 /* Pods-TikTok-TikTokUITests.release.xcconfig */;
			buildSettings = {
				ALWAYS_EMBED_SWIFT_STANDARD_LIBRARIES = YES;
				CODE_SIGN_STYLE = Automatic;
				DEVELOPMENT_TEAM = GFDDVAVUVC;
				INFOPLIST_FILE = TikTokUITests/Info.plist;
				LD_RUNPATH_SEARCH_PATHS = (
					"$(inherited)",
					"@executable_path/Frameworks",
					"@loader_path/Frameworks",
				);
				PRODUCT_BUNDLE_IDENTIFIER = com.nidhikulkarni.TikTokUITests;
				PRODUCT_NAME = "$(TARGET_NAME)";
				SWIFT_VERSION = 5.0;
				TARGETED_DEVICE_FAMILY = "1,2";
				TEST_TARGET_NAME = TikTok;
			};
			name = Release;
		};
/* End XCBuildConfiguration section */

/* Begin XCConfigurationList section */
		027215792416B16F00CF8EF1 /* Build configuration list for PBXProject "TikTok" */ = {
			isa = XCConfigurationList;
			buildConfigurations = (
				027215A62416B17100CF8EF1 /* Debug */,
				027215A72416B17100CF8EF1 /* Release */,
			);
			defaultConfigurationIsVisible = 0;
			defaultConfigurationName = Release;
		};
		027215A82416B17100CF8EF1 /* Build configuration list for PBXNativeTarget "TikTok" */ = {
			isa = XCConfigurationList;
			buildConfigurations = (
				027215A92416B17100CF8EF1 /* Debug */,
				027215AA2416B17100CF8EF1 /* Release */,
			);
			defaultConfigurationIsVisible = 0;
			defaultConfigurationName = Release;
		};
		027215AB2416B17100CF8EF1 /* Build configuration list for PBXNativeTarget "TikTokTests" */ = {
			isa = XCConfigurationList;
			buildConfigurations = (
				027215AC2416B17100CF8EF1 /* Debug */,
				027215AD2416B17100CF8EF1 /* Release */,
			);
			defaultConfigurationIsVisible = 0;
			defaultConfigurationName = Release;
		};
		027215AE2416B17100CF8EF1 /* Build configuration list for PBXNativeTarget "TikTokUITests" */ = {
			isa = XCConfigurationList;
			buildConfigurations = (
				027215AF2416B17100CF8EF1 /* Debug */,
				027215B02416B17100CF8EF1 /* Release */,
			);
			defaultConfigurationIsVisible = 0;
			defaultConfigurationName = Release;
		};
/* End XCConfigurationList section */
	};
	rootObject = 027215762416B16F00CF8EF1 /* Project object */;
}
