PODS:
  - Alamofire (5.0.2)
  - AlamofireImage (4.0.3):
    - Alamofire (< 6.0.0, >= 5.0.2)
  - Bolts/Tasks (1.9.1)
  - Parse (1.19.0):
    - Parse/Core (= 1.19.0)
  - Parse/Core (1.19.0):
    - Bolts/Tasks (= 1.9.1)
  - PINCache (3.0.1-beta.6):
    - PINCache/Arc-exception-safe (= 3.0.1-beta.6)
    - PINCache/Core (= 3.0.1-beta.6)
  - PINCache/Arc-exception-safe (3.0.1-beta.6):
    - PINCache/Core
  - PINCache/Core (3.0.1-beta.6):
    - PINOperation (~> 1.1.0)
  - PINOperation (1.1.2)
  - PINRemoteImage/Core (3.0.0-beta.13):
    - PINOperation
  - PINRemoteImage/iOS (3.0.0-beta.13):
    - PINRemoteImage/Core
  - PINRemoteImage/PINCache (3.0.0-beta.13):
    - PINCache (= 3.0.1-beta.6)
    - PINRemoteImage/Core
  - Texture (2.8.1):
    - Texture/AssetsLibrary (= 2.8.1)
    - Texture/Core (= 2.8.1)
    - Texture/MapKit (= 2.8.1)
    - Texture/Photos (= 2.8.1)
    - Texture/PINRemoteImage (= 2.8.1)
    - Texture/Video (= 2.8.1)
  - Texture/AssetsLibrary (2.8.1):
    - Texture/Core
  - Texture/Core (2.8.1)
  - Texture/MapKit (2.8.1):
    - Texture/Core
  - Texture/Photos (2.8.1):
    - Texture/Core
  - Texture/PINRemoteImage (2.8.1):
    - PINRemoteImage/iOS (= 3.0.0-beta.13)
    - PINRemoteImage/PINCache
    - Texture/Core
  - Texture/Video (2.8.1):
    - Texture/Core

DEPENDENCIES:
  - Alamofire (~> 5.0)
  - AlamofireImage
  - Parse
  - Texture

SPEC REPOS:
  trunk:
    - Alamofire
    - AlamofireImage
    - Bolts
    - Parse
    - PINCache
    - PINOperation
    - PINRemoteImage
    - Texture

SPEC CHECKSUMS:
  Alamofire: 3ba7a4db18b4f62c4a1c0e1cb39d7f3d52e10ada
  AlamofireImage: 3d1a2010519e58675318735580eb856e88840ff7
  Bolts: 8c1e8aab2f603387b8b9924f57d1d64f43d3ffdc
  Parse: 0fb5c7cc7ee5900f2434e24607d0496155b8d04f
  PINCache: d195fdba255283f7e9900a55e3cced377f431f9b
  PINOperation: 24b774353ca248fcf87d67b2d61eef42087c125a
  PINRemoteImage: d6d51c5d2adda55f1ce30c96e850b6c4ebd2856a
  Texture: 8ecf6984065a1e54f06bf97b349ecca28582acd7

PODFILE CHECKSUM: 71dcf66fdeab8e7c8294eacdf9231221c9b96b2e

COCOAPODS: 1.9.3
